# Generated by pub
# See https://dart.dev/tools/pub/glossary#lockfile
packages:
  http_server:
    dependency: "direct dev"
    description:
      name: http_server
      url: "https://pub.dartlang.org"
    source: hosted
    version: "0.9.8+3"
  mime:
    dependency: transitive
    description:
      name: mime
      url: "https://pub.dartlang.org"
    source: hosted
    version: "0.9.7"
  path:
    dependency: transitive
    description:
      name: path
      url: "https://pub.dartlang.org"
    source: hosted
    version: "1.8.2"
sdks:
  dart: ">=2.12.0 <3.0.0"
